
Microsoft Visual Studio Solution File, Format Version 12.00
# Visual Studio 15
Project("{FAE04EC0-301F-11D3-BF4B-00C04F79EFBC}") = "Assembly-CSharp", "Assembly-CSharp.csproj", "{9A7802F3-290D-11EC-ABDC-CFC3B16E0C99}"
EndProject
Project("{FAE04EC0-301F-11D3-BF4B-00C04F79EFBC}") = "Assembly-CSharp-Editor", "Assembly-CSharp-Editor.csproj", "{EB01021D-30A9-547C-C2D1-D675E2872BB0}"
EndProject
Global
	GlobalSection(SolutionConfigurationPlatforms) = preSolution
		Debug|Any CPU = Debug|Any CPU
		Release|Any CPU = Release|Any CPU
	EndGlobalSection
	GlobalSection(ProjectConfigurationPlatforms) = postSolution
		{9A7802F3-290D-11EC-ABDC-CFC3B16E0C99}.Debug|Any CPU.ActiveCfg = Debug|Any CPU
		{9A7802F3-290D-11EC-ABDC-CFC3B16E0C99}.Debug|Any CPU.Build.0 = Debug|Any CPU
		{9A7802F3-290D-11EC-ABDC-CFC3B16E0C99}.Release|Any CPU.ActiveCfg = Release|Any CPU
		{9A7802F3-290D-11EC-ABDC-CFC3B16E0C99}.Release|Any CPU.Build.0 = Release|Any CPU
		{EB01021D-30A9-547C-C2D1-D675E2872BB0}.Debug|Any CPU.ActiveCfg = Debug|Any CPU
		{EB01021D-30A9-547C-C2D1-D675E2872BB0}.Debug|Any CPU.Build.0 = Debug|Any CPU
		{EB01021D-30A9-547C-C2D1-D675E2872BB0}.Release|Any CPU.ActiveCfg = Release|Any CPU
		{EB01021D-30A9-547C-C2D1-D675E2872BB0}.Release|Any CPU.Build.0 = Release|Any CPU
	EndGlobalSection
	GlobalSection(SolutionProperties) = preSolution
		HideSolutionNode = FALSE
	EndGlobalSection
EndGlobal
