
Microsoft Visual Studio Solution File, Format Version 12.00
# Visual Studio 15
Project("{FAE04EC0-301F-11D3-BF4B-00C04F79EFBC}") = "Assembly-CSharp-Editor", "Assembly-CSharp-Editor.csproj", "{9D8A8A69-3120-E894-2137-EB9C0949457D}"
EndProject
Project("{FAE04EC0-301F-11D3-BF4B-00C04F79EFBC}") = "Assembly-CSharp", "Assembly-CSharp.csproj", "{54CF4408-12D5-4AB3-CECE-8A76A3CD3A64}"
EndProject
Global
	GlobalSection(SolutionConfigurationPlatforms) = preSolution
		Debug|Any CPU = Debug|Any CPU
		Release|Any CPU = Release|Any CPU
	EndGlobalSection
	GlobalSection(ProjectConfigurationPlatforms) = postSolution
		{9D8A8A69-3120-E894-2137-EB9C0949457D}.Debug|Any CPU.ActiveCfg = Debug|Any CPU
		{9D8A8A69-3120-E894-2137-EB9C0949457D}.Debug|Any CPU.Build.0 = Debug|Any CPU
		{9D8A8A69-3120-E894-2137-EB9C0949457D}.Release|Any CPU.ActiveCfg = Release|Any CPU
		{9D8A8A69-3120-E894-2137-EB9C0949457D}.Release|Any CPU.Build.0 = Release|Any CPU
		{54CF4408-12D5-4AB3-CECE-8A76A3CD3A64}.Debug|Any CPU.ActiveCfg = Debug|Any CPU
		{54CF4408-12D5-4AB3-CECE-8A76A3CD3A64}.Debug|Any CPU.Build.0 = Debug|Any CPU
		{54CF4408-12D5-4AB3-CECE-8A76A3CD3A64}.Release|Any CPU.ActiveCfg = Release|Any CPU
		{54CF4408-12D5-4AB3-CECE-8A76A3CD3A64}.Release|Any CPU.Build.0 = Release|Any CPU
	EndGlobalSection
	GlobalSection(SolutionProperties) = preSolution
		HideSolutionNode = FALSE
	EndGlobalSection
EndGlobal
